
Microsoft Visual Studio Solution File, Format Version 12.00
# Visual Studio Version 17
VisualStudioVersion = 17.13.35818.85 d17.13
MinimumVisualStudioVersion = 10.0.40219.1
Project("{888888A0-9F3D-457C-B088-3A5042F75D52}") = "SheetCalculation", "SheetCalculation.pyproj", "{70750B1F-0DDD-46C7-954C-263829E3493F}"
EndProject
Global
	GlobalSection(SolutionConfigurationPlatforms) = preSolution
		Debug|Any CPU = Debug|Any CPU
		Release|Any CPU = Release|Any CPU
	EndGlobalSection
	GlobalSection(ProjectConfigurationPlatforms) = postSolution
		{70750B1F-0DDD-46C7-954C-263829E3493F}.Debug|Any CPU.ActiveCfg = Debug|Any CPU
		{70750B1F-0DDD-46C7-954C-263829E3493F}.Release|Any CPU.ActiveCfg = Release|Any CPU
	EndGlobalSection
	GlobalSection(SolutionProperties) = preSolution
		HideSolutionNode = FALSE
	EndGlobalSection
	GlobalSection(ExtensibilityGlobals) = postSolution
		SolutionGuid = {752BA05B-3EE5-4B44-B55C-4C72F5889DD7}
	EndGlobalSection
EndGlobal
